
Microsoft Visual Studio Solution File, Format Version 12.00
Project("{2150E333-8FDC-42A3-9474-1A3956D46DE8}") = "Core", "Piss.Core", "{92EF9440-8213-4050-8538-8E560664F0DE}"
EndProject
Project("{2150E333-8FDC-42A3-9474-1A3956D46DE8}") = "Graphics", "Piss.Graphics", "{4C171F56-3AF0-4ADD-A5BF-039424FE00DD}"
EndProject
Project("{FAE04EC0-301F-11D3-BF4B-00C04F79EFBC}") = "Math", "Piss.Core.Math\Math.csproj", "{3F0A479A-5D83-4F2E-AE26-2A34B2850967}"
EndProject
Project("{FAE04EC0-301F-11D3-BF4B-00C04F79EFBC}") = "Tasks", "Piss.Core.Tasks\Tasks.csproj", "{214294A0-DB7E-444F-8540-8A9124E9AAF3}"
EndProject
Project("{FAE04EC0-301F-11D3-BF4B-00C04F79EFBC}") = "Logging", "Piss.Core.Logging\Logging.csproj", "{BEC16DFC-16CE-46B6-8D75-2F57BB6C5633}"
EndProject
Project("{FAE04EC0-301F-11D3-BF4B-00C04F79EFBC}") = "Config", "Piss.Core.Config\Config.csproj", "{1561B716-A083-4F51-A8B1-1A4AE006E086}"
EndProject
Project("{FAE04EC0-301F-11D3-BF4B-00C04F79EFBC}") = "Scripting", "Piss.Core.Scripting\Scripting.csproj", "{81992726-4298-4372-AD82-EA3D3C31AB6E}"
EndProject
Global
	GlobalSection(SolutionConfigurationPlatforms) = preSolution
		Debug|Any CPU = Debug|Any CPU
		Release|Any CPU = Release|Any CPU
	EndGlobalSection
	GlobalSection(NestedProjects) = preSolution
		{3F0A479A-5D83-4F2E-AE26-2A34B2850967} = {92EF9440-8213-4050-8538-8E560664F0DE}
		{214294A0-DB7E-444F-8540-8A9124E9AAF3} = {92EF9440-8213-4050-8538-8E560664F0DE}
		{BEC16DFC-16CE-46B6-8D75-2F57BB6C5633} = {92EF9440-8213-4050-8538-8E560664F0DE}
		{1561B716-A083-4F51-A8B1-1A4AE006E086} = {92EF9440-8213-4050-8538-8E560664F0DE}
		{81992726-4298-4372-AD82-EA3D3C31AB6E} = {92EF9440-8213-4050-8538-8E560664F0DE}
	EndGlobalSection
	GlobalSection(ProjectConfigurationPlatforms) = postSolution
		{3F0A479A-5D83-4F2E-AE26-2A34B2850967}.Debug|Any CPU.ActiveCfg = Debug|Any CPU
		{3F0A479A-5D83-4F2E-AE26-2A34B2850967}.Debug|Any CPU.Build.0 = Debug|Any CPU
		{3F0A479A-5D83-4F2E-AE26-2A34B2850967}.Release|Any CPU.ActiveCfg = Release|Any CPU
		{3F0A479A-5D83-4F2E-AE26-2A34B2850967}.Release|Any CPU.Build.0 = Release|Any CPU
		{214294A0-DB7E-444F-8540-8A9124E9AAF3}.Debug|Any CPU.ActiveCfg = Debug|Any CPU
		{214294A0-DB7E-444F-8540-8A9124E9AAF3}.Debug|Any CPU.Build.0 = Debug|Any CPU
		{214294A0-DB7E-444F-8540-8A9124E9AAF3}.Release|Any CPU.ActiveCfg = Release|Any CPU
		{214294A0-DB7E-444F-8540-8A9124E9AAF3}.Release|Any CPU.Build.0 = Release|Any CPU
		{BEC16DFC-16CE-46B6-8D75-2F57BB6C5633}.Debug|Any CPU.ActiveCfg = Debug|Any CPU
		{BEC16DFC-16CE-46B6-8D75-2F57BB6C5633}.Debug|Any CPU.Build.0 = Debug|Any CPU
		{BEC16DFC-16CE-46B6-8D75-2F57BB6C5633}.Release|Any CPU.ActiveCfg = Release|Any CPU
		{BEC16DFC-16CE-46B6-8D75-2F57BB6C5633}.Release|Any CPU.Build.0 = Release|Any CPU
		{1561B716-A083-4F51-A8B1-1A4AE006E086}.Debug|Any CPU.ActiveCfg = Debug|Any CPU
		{1561B716-A083-4F51-A8B1-1A4AE006E086}.Debug|Any CPU.Build.0 = Debug|Any CPU
		{1561B716-A083-4F51-A8B1-1A4AE006E086}.Release|Any CPU.ActiveCfg = Release|Any CPU
		{1561B716-A083-4F51-A8B1-1A4AE006E086}.Release|Any CPU.Build.0 = Release|Any CPU
		{81992726-4298-4372-AD82-EA3D3C31AB6E}.Debug|Any CPU.ActiveCfg = Debug|Any CPU
		{81992726-4298-4372-AD82-EA3D3C31AB6E}.Debug|Any CPU.Build.0 = Debug|Any CPU
		{81992726-4298-4372-AD82-EA3D3C31AB6E}.Release|Any CPU.ActiveCfg = Release|Any CPU
		{81992726-4298-4372-AD82-EA3D3C31AB6E}.Release|Any CPU.Build.0 = Release|Any CPU
	EndGlobalSection
EndGlobal
